// !$*UTF8*$!
{
	archiveVersion = 1;
	classes = {
	};
	objectVersion = 46;
	objects = {

/* Begin PBXBuildFile section */
		EA6860B91E12B69E006372CC /* loadImgBtn.png in Resources */ = {isa = PBXBuildFile; fileRef = EA6860B81E12B69E006372CC /* loadImgBtn.png */; };
		EA6860BB1E12BD1D006372CC /* save.png in Resources */ = {isa = PBXBuildFile; fileRef = EA6860BA1E12BD1D006372CC /* save.png */; };
		EA88D1621E0FE79600B9804E /* sphere.jpg in Resources */ = {isa = PBXBuildFile; fileRef = EA88D1611E0FE79600B9804E /* sphere.jpg */; };
		EA979F621E0F76B000AE47D0 /* main.m in Sources */ = {isa = PBXBuildFile; fileRef = EA979F611E0F76B000AE47D0 /* main.m */; };
		EA979F651E0F76B000AE47D0 /* AppDelegate.m in Sources */ = {isa = PBXBuildFile; fileRef = EA979F641E0F76B000AE47D0 /* AppDelegate.m */; };
		EA979F681E0F76B000AE47D0 /* ViewController.m in Sources */ = {isa = PBXBuildFile; fileRef = EA979F671E0F76B000AE47D0 /* ViewController.m */; };
		EA979F6B1E0F76B000AE47D0 /* Main.storyboard in Resources */ = {isa = PBXBuildFile; fileRef = EA979F691E0F76B000AE47D0 /* Main.storyboard */; };
		EA979F6D1E0F76B000AE47D0 /* Assets.xcassets in Resources */ = {isa = PBXBuildFile; fileRef = EA979F6C1E0F76B000AE47D0 /* Assets.xcassets */; };
		EA979F701E0F76B000AE47D0 /* LaunchScreen.storyboard in Resources */ = {isa = PBXBuildFile; fileRef = EA979F6E1E0F76B000AE47D0 /* LaunchScreen.storyboard */; };
		EA979F7E1E0F78B600AE47D0 /* sample.cikernel in Resources */ = {isa = PBXBuildFile; fileRef = EA979F7D1E0F78B600AE47D0 /* sample.cikernel */; };
		EAE9AE681E10FE530001AFF8 /* rectRotation.cikernel in Resources */ = {isa = PBXBuildFile; fileRef = EAE9AE671E10FE530001AFF8 /* rectRotation.cikernel */; };
		EAE9AE6C1E120C070001AFF8 /* rectRotation.ciwarpkernel in Resources */ = {isa = PBXBuildFile; fileRef = EAE9AE6B1E120C070001AFF8 /* rectRotation.ciwarpkernel */; };
		EAE9AE6F1E120EF60001AFF8 /* customFilter.m in Sources */ = {isa = PBXBuildFile; fileRef = EAE9AE6E1E120EF60001AFF8 /* customFilter.m */; };
/* End PBXBuildFile section */

/* Begin PBXFileReference section */
		EA6860B81E12B69E006372CC /* loadImgBtn.png */ = {isa = PBXFileReference; lastKnownFileType = image.png; path = loadImgBtn.png; sourceTree = "<group>"; };
		EA6860BA1E12BD1D006372CC /* save.png */ = {isa = PBXFileReference; lastKnownFileType = image.png; path = save.png; sourceTree = "<group>"; };
		EA88D1611E0FE79600B9804E /* sphere.jpg */ = {isa = PBXFileReference; lastKnownFileType = image.jpeg; path = sphere.jpg; sourceTree = "<group>"; };
		EA979F5D1E0F76B000AE47D0 /* photoSphereRotation.app */ = {isa = PBXFileReference; explicitFileType = wrapper.application; includeInIndex = 0; path = photoSphereRotation.app; sourceTree = BUILT_PRODUCTS_DIR; };
		EA979F611E0F76B000AE47D0 /* main.m */ = {isa = PBXFileReference; lastKnownFileType = sourcecode.c.objc; path = main.m; sourceTree = "<group>"; };
		EA979F631E0F76B000AE47D0 /* AppDelegate.h */ = {isa = PBXFileReference; lastKnownFileType = sourcecode.c.h; path = AppDelegate.h; sourceTree = "<group>"; };
		EA979F641E0F76B000AE47D0 /* AppDelegate.m */ = {isa = PBXFileReference; lastKnownFileType = sourcecode.c.objc; path = AppDelegate.m; sourceTree = "<group>"; };
		EA979F661E0F76B000AE47D0 /* ViewController.h */ = {isa = PBXFileReference; lastKnownFileType = sourcecode.c.h; path = ViewController.h; sourceTree = "<group>"; };
		EA979F671E0F76B000AE47D0 /* ViewController.m */ = {isa = PBXFileReference; lastKnownFileType = sourcecode.c.objc; path = ViewController.m; sourceTree = "<group>"; };
		EA979F6A1E0F76B000AE47D0 /* Base */ = {isa = PBXFileReference; lastKnownFileType = file.storyboard; name = Base; path = Base.lproj/Main.storyboard; sourceTree = "<group>"; };
		EA979F6C1E0F76B000AE47D0 /* Assets.xcassets */ = {isa = PBXFileReference; lastKnownFileType = folder.assetcatalog; path = Assets.xcassets; sourceTree = "<group>"; };
		EA979F6F1E0F76B000AE47D0 /* Base */ = {isa = PBXFileReference; lastKnownFileType = file.storyboard; name = Base; path = Base.lproj/LaunchScreen.storyboard; sourceTree = "<group>"; };
		EA979F711E0F76B000AE47D0 /* Info.plist */ = {isa = PBXFileReference; lastKnownFileType = text.plist.xml; path = Info.plist; sourceTree = "<group>"; };
		EA979F7D1E0F78B600AE47D0 /* sample.cikernel */ = {isa = PBXFileReference; fileEncoding = 4; lastKnownFileType = text; path = sample.cikernel; sourceTree = "<group>"; };
		EAE9AE671E10FE530001AFF8 /* rectRotation.cikernel */ = {isa = PBXFileReference; fileEncoding = 4; lastKnownFileType = text; path = rectRotation.cikernel; sourceTree = "<group>"; };
		EAE9AE6B1E120C070001AFF8 /* rectRotation.ciwarpkernel */ = {isa = PBXFileReference; fileEncoding = 4; lastKnownFileType = text; path = rectRotation.ciwarpkernel; sourceTree = "<group>"; };
		EAE9AE6D1E120EF60001AFF8 /* customFilter.h */ = {isa = PBXFileReference; fileEncoding = 4; lastKnownFileType = sourcecode.c.h; path = customFilter.h; sourceTree = "<group>"; };
		EAE9AE6E1E120EF60001AFF8 /* customFilter.m */ = {isa = PBXFileReference; fileEncoding = 4; lastKnownFileType = sourcecode.c.objc; path = customFilter.m; sourceTree = "<group>"; };
/* End PBXFileReference section */

/* Begin PBXFrameworksBuildPhase section */
		EA979F5A1E0F76B000AE47D0 /* Frameworks */ = {
			isa = PBXFrameworksBuildPhase;
			buildActionMask = 2147483647;
			files = (
			);
			runOnlyForDeploymentPostprocessing = 0;
		};
/* End PBXFrameworksBuildPhase section */

/* Begin PBXGroup section */
		1009CBF21E135C1500D3C1CD /* Media */ = {
			isa = PBXGroup;
			children = (
				EA88D1611E0FE79600B9804E /* sphere.jpg */,
				EA6860BA1E12BD1D006372CC /* save.png */,
				EA6860B81E12B69E006372CC /* loadImgBtn.png */,
			);
			name = Media;
			sourceTree = "<group>";
		};
		EA979F541E0F76B000AE47D0 = {
			isa = PBXGroup;
			children = (
				EA979F5F1E0F76B000AE47D0 /* photoSphereRotation */,
				EA979F5E1E0F76B000AE47D0 /* Products */,
			);
			sourceTree = "<group>";
		};
		EA979F5E1E0F76B000AE47D0 /* Products */ = {
			isa = PBXGroup;
			children = (
				EA979F5D1E0F76B000AE47D0 /* photoSphereRotation.app */,
			);
			name = Products;
			sourceTree = "<group>";
		};
		EA979F5F1E0F76B000AE47D0 /* photoSphereRotation */ = {
			isa = PBXGroup;
			children = (
				1009CBF21E135C1500D3C1CD /* Media */,
				EA979F7A1E0F787200AE47D0 /* Kernels */,
				EA979F631E0F76B000AE47D0 /* AppDelegate.h */,
				EA979F641E0F76B000AE47D0 /* AppDelegate.m */,
				EA979F661E0F76B000AE47D0 /* ViewController.h */,
				EA979F671E0F76B000AE47D0 /* ViewController.m */,
				EAE9AE6D1E120EF60001AFF8 /* customFilter.h */,
				EAE9AE6E1E120EF60001AFF8 /* customFilter.m */,
				EA979F691E0F76B000AE47D0 /* Main.storyboard */,
				EA979F6C1E0F76B000AE47D0 /* Assets.xcassets */,
				EA979F6E1E0F76B000AE47D0 /* LaunchScreen.storyboard */,
				EA979F711E0F76B000AE47D0 /* Info.plist */,
				EA979F601E0F76B000AE47D0 /* Supporting Files */,
			);
			path = photoSphereRotation;
			sourceTree = "<group>";
		};
		EA979F601E0F76B000AE47D0 /* Supporting Files */ = {
			isa = PBXGroup;
			children = (
				EA979F611E0F76B000AE47D0 /* main.m */,
			);
			name = "Supporting Files";
			sourceTree = "<group>";
		};
		EA979F7A1E0F787200AE47D0 /* Kernels */ = {
			isa = PBXGroup;
			children = (
				EA979F7D1E0F78B600AE47D0 /* sample.cikernel */,
				EAE9AE6B1E120C070001AFF8 /* rectRotation.ciwarpkernel */,
				EAE9AE671E10FE530001AFF8 /* rectRotation.cikernel */,
			);
			name = Kernels;
			sourceTree = "<group>";
		};
/* End PBXGroup section */

/* Begin PBXNativeTarget section */
		EA979F5C1E0F76B000AE47D0 /* photoSphereRotation */ = {
			isa = PBXNativeTarget;
			buildConfigurationList = EA979F741E0F76B000AE47D0 /* Build configuration list for PBXNativeTarget "photoSphereRotation" */;
			buildPhases = (
				EA979F591E0F76B000AE47D0 /* Sources */,
				EA979F5A1E0F76B000AE47D0 /* Frameworks */,
				EA979F5B1E0F76B000AE47D0 /* Resources */,
			);
			buildRules = (
			);
			dependencies = (
			);
			name = photoSphereRotation;
			productName = photoSphereRotation;
			productReference = EA979F5D1E0F76B000AE47D0 /* photoSphereRotation.app */;
			productType = "com.apple.product-type.application";
		};
/* End PBXNativeTarget section */

/* Begin PBXProject section */
		EA979F551E0F76B000AE47D0 /* Project object */ = {
			isa = PBXProject;
			attributes = {
				LastUpgradeCheck = 0820;
				ORGANIZATIONNAME = "Tom Tong";
				TargetAttributes = {
					EA979F5C1E0F76B000AE47D0 = {
						CreatedOnToolsVersion = 8.2;
						DevelopmentTeam = 6Y5LP6LEY2;
						ProvisioningStyle = Automatic;
					};
				};
			};
			buildConfigurationList = EA979F581E0F76B000AE47D0 /* Build configuration list for PBXProject "photoSphereRotation" */;
			compatibilityVersion = "Xcode 3.2";
			developmentRegion = English;
			hasScannedForEncodings = 0;
			knownRegions = (
				en,
				Base,
			);
			mainGroup = EA979F541E0F76B000AE47D0;
			productRefGroup = EA979F5E1E0F76B000AE47D0 /* Products */;
			projectDirPath = "";
			projectRoot = "";
			targets = (
				EA979F5C1E0F76B000AE47D0 /* photoSphereRotation */,
			);
		};
/* End PBXProject section */

/* Begin PBXResourcesBuildPhase section */
		EA979F5B1E0F76B000AE47D0 /* Resources */ = {
			isa = PBXResourcesBuildPhase;
			buildActionMask = 2147483647;
			files = (
				EA6860B91E12B69E006372CC /* loadImgBtn.png in Resources */,
				EAE9AE6C1E120C070001AFF8 /* rectRotation.ciwarpkernel in Resources */,
				EA979F701E0F76B000AE47D0 /* LaunchScreen.storyboard in Resources */,
				EA979F7E1E0F78B600AE47D0 /* sample.cikernel in Resources */,
				EA979F6D1E0F76B000AE47D0 /* Assets.xcassets in Resources */,
				EA6860BB1E12BD1D006372CC /* save.png in Resources */,
				EA979F6B1E0F76B000AE47D0 /* Main.storyboard in Resources */,
				EAE9AE681E10FE530001AFF8 /* rectRotation.cikernel in Resources */,
				EA88D1621E0FE79600B9804E /* sphere.jpg in Resources */,
			);
			runOnlyForDeploymentPostprocessing = 0;
		};
/* End PBXResourcesBuildPhase section */

/* Begin PBXSourcesBuildPhase section */
		EA979F591E0F76B000AE47D0 /* Sources */ = {
			isa = PBXSourcesBuildPhase;
			buildActionMask = 2147483647;
			files = (
				EA979F681E0F76B000AE47D0 /* ViewController.m in Sources */,
				EA979F651E0F76B000AE47D0 /* AppDelegate.m in Sources */,
				EAE9AE6F1E120EF60001AFF8 /* customFilter.m in Sources */,
				EA979F621E0F76B000AE47D0 /* main.m in Sources */,
			);
			runOnlyForDeploymentPostprocessing = 0;
		};
/* End PBXSourcesBuildPhase section */

/* Begin PBXVariantGroup section */
		EA979F691E0F76B000AE47D0 /* Main.storyboard */ = {
			isa = PBXVariantGroup;
			children = (
				EA979F6A1E0F76B000AE47D0 /* Base */,
			);
			name = Main.storyboard;
			sourceTree = "<group>";
		};
		EA979F6E1E0F76B000AE47D0 /* LaunchScreen.storyboard */ = {
			isa = PBXVariantGroup;
			children = (
				EA979F6F1E0F76B000AE47D0 /* Base */,
			);
			name = LaunchScreen.storyboard;
			sourceTree = "<group>";
		};
/* End PBXVariantGroup section */

/* Begin XCBuildConfiguration section */
		EA979F721E0F76B000AE47D0 /* Debug */ = {
			isa = XCBuildConfiguration;
			buildSettings = {
				ALWAYS_SEARCH_USER_PATHS = NO;
				CLANG_ANALYZER_NONNULL = YES;
				CLANG_CXX_LANGUAGE_STANDARD = "gnu++0x";
				CLANG_CXX_LIBRARY = "libc++";
				CLANG_ENABLE_MODULES = YES;
				CLANG_ENABLE_OBJC_ARC = YES;
				CLANG_WARN_BOOL_CONVERSION = YES;
				CLANG_WARN_CONSTANT_CONVERSION = YES;
				CLANG_WARN_DIRECT_OBJC_ISA_USAGE = YES_ERROR;
				CLANG_WARN_DOCUMENTATION_COMMENTS = YES;
				CLANG_WARN_EMPTY_BODY = YES;
				CLANG_WARN_ENUM_CONVERSION = YES;
				CLANG_WARN_INFINITE_RECURSION = YES;
				CLANG_WARN_INT_CONVERSION = YES;
				CLANG_WARN_OBJC_ROOT_CLASS = YES_ERROR;
				CLANG_WARN_SUSPICIOUS_MOVE = YES;
				CLANG_WARN_UNREACHABLE_CODE = YES;
				CLANG_WARN__DUPLICATE_METHOD_MATCH = YES;
				"CODE_SIGN_IDENTITY[sdk=iphoneos*]" = "iPhone Developer";
				COPY_PHASE_STRIP = NO;
				DEBUG_INFORMATION_FORMAT = dwarf;
				ENABLE_STRICT_OBJC_MSGSEND = YES;
				ENABLE_TESTABILITY = YES;
				GCC_C_LANGUAGE_STANDARD = gnu99;
				GCC_DYNAMIC_NO_PIC = NO;
				GCC_NO_COMMON_BLOCKS = YES;
				GCC_OPTIMIZATION_LEVEL = 0;
				GCC_PREPROCESSOR_DEFINITIONS = (
					"DEBUG=1",
					"$(inherited)",
				);
				GCC_WARN_64_TO_32_BIT_CONVERSION = YES;
				GCC_WARN_ABOUT_RETURN_TYPE = YES_ERROR;
				GCC_WARN_UNDECLARED_SELECTOR = YES;
				GCC_WARN_UNINITIALIZED_AUTOS = YES_AGGRESSIVE;
				GCC_WARN_UNUSED_FUNCTION = YES;
				GCC_WARN_UNUSED_VARIABLE = YES;
				IPHONEOS_DEPLOYMENT_TARGET = 10.2;
				MTL_ENABLE_DEBUG_INFO = YES;
				ONLY_ACTIVE_ARCH = YES;
				SDKROOT = iphoneos;
			};
			name = Debug;
		};
		EA979F731E0F76B000AE47D0 /* Release */ = {
			isa = XCBuildConfiguration;
			buildSettings = {
				ALWAYS_SEARCH_USER_PATHS = NO;
				CLANG_ANALYZER_NONNULL = YES;
				CLANG_CXX_LANGUAGE_STANDARD = "gnu++0x";
				CLANG_CXX_LIBRARY = "libc++";
				CLANG_ENABLE_MODULES = YES;
				CLANG_ENABLE_OBJC_ARC = YES;
				CLANG_WARN_BOOL_CONVERSION = YES;
				CLANG_WARN_CONSTANT_CONVERSION = YES;
				CLANG_WARN_DIRECT_OBJC_ISA_USAGE = YES_ERROR;
				CLANG_WARN_DOCUMENTATION_COMMENTS = YES;
				CLANG_WARN_EMPTY_BODY = YES;
				CLANG_WARN_ENUM_CONVERSION = YES;
				CLANG_WARN_INFINITE_RECURSION = YES;
				CLANG_WARN_INT_CONVERSION = YES;
				CLANG_WARN_OBJC_ROOT_CLASS = YES_ERROR;
				CLANG_WARN_SUSPICIOUS_MOVE = YES;
				CLANG_WARN_UNREACHABLE_CODE = YES;
				CLANG_WARN__DUPLICATE_METHOD_MATCH = YES;
				"CODE_SIGN_IDENTITY[sdk=iphoneos*]" = "iPhone Developer";
				COPY_PHASE_STRIP = NO;
				DEBUG_INFORMATION_FORMAT = "dwarf-with-dsym";
				ENABLE_NS_ASSERTIONS = NO;
				ENABLE_STRICT_OBJC_MSGSEND = YES;
				GCC_C_LANGUAGE_STANDARD = gnu99;
				GCC_NO_COMMON_BLOCKS = YES;
				GCC_WARN_64_TO_32_BIT_CONVERSION = YES;
				GCC_WARN_ABOUT_RETURN_TYPE = YES_ERROR;
				GCC_WARN_UNDECLARED_SELECTOR = YES;
				GCC_WARN_UNINITIALIZED_AUTOS = YES_AGGRESSIVE;
				GCC_WARN_UNUSED_FUNCTION = YES;
				GCC_WARN_UNUSED_VARIABLE = YES;
				IPHONEOS_DEPLOYMENT_TARGET = 10.2;
				MTL_ENABLE_DEBUG_INFO = NO;
				SDKROOT = iphoneos;
				VALIDATE_PRODUCT = YES;
			};
			name = Release;
		};
		EA979F751E0F76B000AE47D0 /* Debug */ = {
			isa = XCBuildConfiguration;
			buildSettings = {
				ASSETCATALOG_COMPILER_APPICON_NAME = AppIcon;
				DEVELOPMENT_TEAM = 6Y5LP6LEY2;
				INFOPLIST_FILE = photoSphereRotation/Info.plist;
				LD_RUNPATH_SEARCH_PATHS = "$(inherited) @executable_path/Frameworks";
				PRODUCT_BUNDLE_IDENTIFIER = com.holumino.photoSphereRotation.photoSphereRotation;
				PRODUCT_NAME = "$(TARGET_NAME)";
			};
			name = Debug;
		};
		EA979F761E0F76B000AE47D0 /* Release */ = {
			isa = XCBuildConfiguration;
			buildSettings = {
				ASSETCATALOG_COMPILER_APPICON_NAME = AppIcon;
				DEVELOPMENT_TEAM = 6Y5LP6LEY2;
				INFOPLIST_FILE = photoSphereRotation/Info.plist;
				LD_RUNPATH_SEARCH_PATHS = "$(inherited) @executable_path/Frameworks";
				PRODUCT_BUNDLE_IDENTIFIER = com.holumino.photoSphereRotation.photoSphereRotation;
				PRODUCT_NAME = "$(TARGET_NAME)";
			};
			name = Release;
		};
/* End XCBuildConfiguration section */

/* Begin XCConfigurationList section */
		EA979F581E0F76B000AE47D0 /* Build configuration list for PBXProject "photoSphereRotation" */ = {
			isa = XCConfigurationList;
			buildConfigurations = (
				EA979F721E0F76B000AE47D0 /* Debug */,
				EA979F731E0F76B000AE47D0 /* Release */,
			);
			defaultConfigurationIsVisible = 0;
			defaultConfigurationName = Release;
		};
		EA979F741E0F76B000AE47D0 /* Build configuration list for PBXNativeTarget "photoSphereRotation" */ = {
			isa = XCConfigurationList;
			buildConfigurations = (
				EA979F751E0F76B000AE47D0 /* Debug */,
				EA979F761E0F76B000AE47D0 /* Release */,
			);
			defaultConfigurationIsVisible = 0;
			defaultConfigurationName = Release;
		};
/* End XCConfigurationList section */
	};
	rootObject = EA979F551E0F76B000AE47D0 /* Project object */;
}
